<?xml version="1.0" encoding="UTF-8"?>
<Scheme
   LastUpgradeVersion = "0900"
   version = "1.7">
   <BuildAction
      parallelizeBuildables = "YES"
      buildImplicitDependencies = "YES">
      <BuildActionEntries>
         <BuildActionEntry
            buildForTesting = "YES"
            buildForRunning = "YES"
            buildForProfiling = "YES"
            buildForArchiving = "YES"
            buildForAnalyzing = "YES">
            <BuildableReference
               BuildableIdentifier = "primary"
               BlueprintIdentifier = "211282261D63988E0038DBEE"
               BuildableName = "ParallelBaB"
               BlueprintName = "ParallelBaB"
               ReferencedContainer = "container:ParallelBaB.xcodeproj">
            </BuildableReference>
         </BuildActionEntry>
      </BuildActionEntries>
   </BuildAction>
   <TestAction
      buildConfiguration = "Debug"
      selectedDebuggerIdentifier = "Xcode.DebuggerFoundation.Debugger.LLDB"
      selectedLauncherIdentifier = "Xcode.DebuggerFoundation.Launcher.LLDB"
      language = ""
      shouldUseLaunchSchemeArgsEnv = "YES">
      <Testables>
      </Testables>
      <MacroExpansion>
         <BuildableReference
            BuildableIdentifier = "primary"
            BlueprintIdentifier = "211282261D63988E0038DBEE"
            BuildableName = "ParallelBaB"
            BlueprintName = "ParallelBaB"
            ReferencedContainer = "container:ParallelBaB.xcodeproj">
         </BuildableReference>
      </MacroExpansion>
      <AdditionalOptions>
      </AdditionalOptions>
   </TestAction>
   <LaunchAction
      buildConfiguration = "Debug"
      selectedDebuggerIdentifier = "Xcode.DebuggerFoundation.Debugger.LLDB"
      selectedLauncherIdentifier = "Xcode.DebuggerFoundation.Launcher.LLDB"
      language = "en"
      region = "MX"
      launchStyle = "0"
      useCustomWorkingDirectory = "YES"
      customWorkingDirectory = "~/results/"
      ignoresPersistentStateOnLaunch = "NO"
      debugDocumentVersioning = "YES"
      debugServiceExtension = "internal"
      allowLocationSimulation = "YES">
      <PathRunnable
         runnableDebuggingMode = "0"
         FilePath = "/opt/local/libexec/openmpi-mp/orterun">
      </PathRunnable>
      <MacroExpansion>
         <BuildableReference
            BuildableIdentifier = "primary"
            BlueprintIdentifier = "211282261D63988E0038DBEE"
            BuildableName = "ParallelBaB"
            BlueprintName = "ParallelBaB"
            ReferencedContainer = "container:ParallelBaB.xcodeproj">
         </BuildableReference>
      </MacroExpansion>
      <CommandLineArguments>
         <CommandLineArgument
            argument = "HCSP"
            isEnabled = "NO">
         </CommandLineArgument>
         <CommandLineArgument
            argument = "-n 3"
            isEnabled = "YES">
         </CommandLineArgument>
         <CommandLineArgument
            argument = "$BUILT_PRODUCTS_DIR/$EXECUTABLE_PATH"
            isEnabled = "YES">
         </CommandLineArgument>
         <CommandLineArgument
            argument = "2"
            isEnabled = "YES">
         </CommandLineArgument>
         <CommandLineArgument
            argument = "FJSSP"
            isEnabled = "YES">
         </CommandLineArgument>
         <CommandLineArgument
            argument = "TSP"
            isEnabled = "NO">
         </CommandLineArgument>
         <CommandLineArgument
            argument = "/Users/carlossoto/workspace/Instances/FJSSP/set-Monaldo/Brandimarte_Data/Mk01.fjs"
            isEnabled = "NO">
         </CommandLineArgument>
         <CommandLineArgument
            argument = "/Users/carlossoto/workspace/Instances/FJSSP/set-BehnkeGeiger/0_BehnkeGeiger/Behnke60.fjs"
            isEnabled = "NO">
         </CommandLineArgument>
         <CommandLineArgument
            argument = "/Users/carlossoto/workspace/Instances/FJSSP/set-BehnkeGeiger/6_Fattahi/Fattahi10.fjs"
            isEnabled = "YES">
         </CommandLineArgument>
         <CommandLineArgument
            argument = "/Users/carlossoto/workspace/Instances/FJSSP/set-Kacem/Kacem1-0rs.fjs"
            isEnabled = "NO">
         </CommandLineArgument>
         <CommandLineArgument
            argument = "/Users/carlossoto/workspace/Instances/FJSSP/set-Kacem/Kacem1.fjs"
            isEnabled = "NO">
         </CommandLineArgument>
         <CommandLineArgument
            argument = "/Users/carlossoto/workspace/Instances/FJSSP/Kacem/Kacem-I00.txt"
            isEnabled = "YES">
         </CommandLineArgument>
         <CommandLineArgument
            argument = "/Users/carlossoto/workspace/Instances/TSP/ClusterA15.tsp"
            isEnabled = "NO">
         </CommandLineArgument>
         <CommandLineArgument
            argument = "/Users/carlossoto/workspace/Instances/TSP/ClusterB15.tsp"
            isEnabled = "NO">
         </CommandLineArgument>
         <CommandLineArgument
            argument = "/Users/carlossoto/workspace/Results/FJSSP/"
            isEnabled = "YES">
         </CommandLineArgument>
      </CommandLineArguments>
      <AdditionalOptions>
         <AdditionalOption
            key = "NSZombieEnabled"
            value = "YES"
            isEnabled = "YES">
         </AdditionalOption>
      </AdditionalOptions>
      <LocationScenarioReference
         identifier = "Mexico City, Mexico"
         referenceType = "1">
      </LocationScenarioReference>
   </LaunchAction>
   <ProfileAction
      buildConfiguration = "Release"
      shouldUseLaunchSchemeArgsEnv = "YES"
      savedToolIdentifier = ""
      useCustomWorkingDirectory = "NO"
      debugDocumentVersioning = "YES">
      <BuildableProductRunnable
         runnableDebuggingMode = "0">
         <BuildableReference
            BuildableIdentifier = "primary"
            BlueprintIdentifier = "211282261D63988E0038DBEE"
            BuildableName = "ParallelBaB"
            BlueprintName = "ParallelBaB"
            ReferencedContainer = "container:ParallelBaB.xcodeproj">
         </BuildableReference>
      </BuildableProductRunnable>
   </ProfileAction>
   <AnalyzeAction
      buildConfiguration = "Debug">
   </AnalyzeAction>
   <ArchiveAction
      buildConfiguration = "Release"
      revealArchiveInOrganizer = "YES">
   </ArchiveAction>
</Scheme>
