// !$*UTF8*$!
{
	archiveVersion = 1;
	classes = {
	};
	objectVersion = 46;
	objects = {

/* Begin PBXBuildFile section */
		2112825A1D639AB30038DBEE /* BranchAndBound.cpp in Sources */ = {isa = PBXBuildFile; fileRef = 2112824A1D639AB30038DBEE /* BranchAndBound.cpp */; };
		2112825B1D639AB30038DBEE /* main.cpp in Sources */ = {isa = PBXBuildFile; fileRef = 2112824C1D639AB30038DBEE /* main.cpp */; };
		2112825D1D639AB30038DBEE /* myutils.cpp in Sources */ = {isa = PBXBuildFile; fileRef = 2112824E1D639AB30038DBEE /* myutils.cpp */; };
		2112825E1D639AB30038DBEE /* Problem.cpp in Sources */ = {isa = PBXBuildFile; fileRef = 211282501D639AB30038DBEE /* Problem.cpp */; };
		2112825F1D639AB30038DBEE /* ProblemHCSP.cpp in Sources */ = {isa = PBXBuildFile; fileRef = 211282521D639AB30038DBEE /* ProblemHCSP.cpp */; };
		211282601D639AB30038DBEE /* ProblemTSP.cpp in Sources */ = {isa = PBXBuildFile; fileRef = 211282541D639AB30038DBEE /* ProblemTSP.cpp */; };
		211282611D639AB30038DBEE /* ProblemVRP.cpp in Sources */ = {isa = PBXBuildFile; fileRef = 211282561D639AB30038DBEE /* ProblemVRP.cpp */; };
		211282621D639AB30038DBEE /* Solution.cpp in Sources */ = {isa = PBXBuildFile; fileRef = 211282581D639AB30038DBEE /* Solution.cpp */; };
/* End PBXBuildFile section */

/* Begin PBXCopyFilesBuildPhase section */
		211282251D63988E0038DBEE /* CopyFiles */ = {
			isa = PBXCopyFilesBuildPhase;
			buildActionMask = 2147483647;
			dstPath = /usr/share/man/man1/;
			dstSubfolderSpec = 0;
			files = (
			);
			runOnlyForDeploymentPostprocessing = 1;
		};
/* End PBXCopyFilesBuildPhase section */

/* Begin PBXFileReference section */
		211282271D63988E0038DBEE /* ParallelBaB */ = {isa = PBXFileReference; explicitFileType = "compiled.mach-o.executable"; includeInIndex = 0; path = ParallelBaB; sourceTree = BUILT_PRODUCTS_DIR; };
		2112824A1D639AB30038DBEE /* BranchAndBound.cpp */ = {isa = PBXFileReference; fileEncoding = 4; lastKnownFileType = sourcecode.cpp.cpp; path = BranchAndBound.cpp; sourceTree = "<group>"; };
		2112824B1D639AB30038DBEE /* BranchAndBound.hpp */ = {isa = PBXFileReference; fileEncoding = 4; lastKnownFileType = sourcecode.cpp.h; path = BranchAndBound.hpp; sourceTree = "<group>"; };
		2112824C1D639AB30038DBEE /* main.cpp */ = {isa = PBXFileReference; fileEncoding = 4; lastKnownFileType = sourcecode.cpp.cpp; path = main.cpp; sourceTree = "<group>"; };
		2112824D1D639AB30038DBEE /* Makefile */ = {isa = PBXFileReference; fileEncoding = 4; lastKnownFileType = sourcecode.make; path = Makefile; sourceTree = "<group>"; };
		2112824E1D639AB30038DBEE /* myutils.cpp */ = {isa = PBXFileReference; fileEncoding = 4; lastKnownFileType = sourcecode.cpp.cpp; path = myutils.cpp; sourceTree = "<group>"; };
		2112824F1D639AB30038DBEE /* myutils.hpp */ = {isa = PBXFileReference; fileEncoding = 4; lastKnownFileType = sourcecode.cpp.h; path = myutils.hpp; sourceTree = "<group>"; };
		211282501D639AB30038DBEE /* Problem.cpp */ = {isa = PBXFileReference; fileEncoding = 4; lastKnownFileType = sourcecode.cpp.cpp; path = Problem.cpp; sourceTree = "<group>"; };
		211282511D639AB30038DBEE /* Problem.hpp */ = {isa = PBXFileReference; fileEncoding = 4; lastKnownFileType = sourcecode.cpp.h; path = Problem.hpp; sourceTree = "<group>"; };
		211282521D639AB30038DBEE /* ProblemHCSP.cpp */ = {isa = PBXFileReference; fileEncoding = 4; lastKnownFileType = sourcecode.cpp.cpp; path = ProblemHCSP.cpp; sourceTree = "<group>"; };
		211282531D639AB30038DBEE /* ProblemHCSP.hpp */ = {isa = PBXFileReference; fileEncoding = 4; lastKnownFileType = sourcecode.cpp.h; path = ProblemHCSP.hpp; sourceTree = "<group>"; };
		211282541D639AB30038DBEE /* ProblemTSP.cpp */ = {isa = PBXFileReference; fileEncoding = 4; lastKnownFileType = sourcecode.cpp.cpp; path = ProblemTSP.cpp; sourceTree = "<group>"; };
		211282551D639AB30038DBEE /* ProblemTSP.hpp */ = {isa = PBXFileReference; fileEncoding = 4; lastKnownFileType = sourcecode.cpp.h; path = ProblemTSP.hpp; sourceTree = "<group>"; };
		211282561D639AB30038DBEE /* ProblemVRP.cpp */ = {isa = PBXFileReference; fileEncoding = 4; lastKnownFileType = sourcecode.cpp.cpp; path = ProblemVRP.cpp; sourceTree = "<group>"; };
		211282571D639AB30038DBEE /* ProblemVRP.hpp */ = {isa = PBXFileReference; fileEncoding = 4; lastKnownFileType = sourcecode.cpp.h; path = ProblemVRP.hpp; sourceTree = "<group>"; };
		211282581D639AB30038DBEE /* Solution.cpp */ = {isa = PBXFileReference; fileEncoding = 4; lastKnownFileType = sourcecode.cpp.cpp; path = Solution.cpp; sourceTree = "<group>"; };
		211282591D639AB30038DBEE /* Solution.hpp */ = {isa = PBXFileReference; fileEncoding = 4; lastKnownFileType = sourcecode.cpp.h; path = Solution.hpp; sourceTree = "<group>"; };
/* End PBXFileReference section */

/* Begin PBXFrameworksBuildPhase section */
		211282241D63988E0038DBEE /* Frameworks */ = {
			isa = PBXFrameworksBuildPhase;
			buildActionMask = 2147483647;
			files = (
			);
			runOnlyForDeploymentPostprocessing = 0;
		};
/* End PBXFrameworksBuildPhase section */

/* Begin PBXGroup section */
		2112821E1D63988D0038DBEE = {
			isa = PBXGroup;
			children = (
				211282291D63988E0038DBEE /* ParallelBaB */,
				211282281D63988E0038DBEE /* Products */,
			);
			sourceTree = "<group>";
		};
		211282281D63988E0038DBEE /* Products */ = {
			isa = PBXGroup;
			children = (
				211282271D63988E0038DBEE /* ParallelBaB */,
			);
			name = Products;
			sourceTree = "<group>";
		};
		211282291D63988E0038DBEE /* ParallelBaB */ = {
			isa = PBXGroup;
			children = (
				2112824D1D639AB30038DBEE /* Makefile */,
				2112824A1D639AB30038DBEE /* BranchAndBound.cpp */,
				2112824B1D639AB30038DBEE /* BranchAndBound.hpp */,
				2112824C1D639AB30038DBEE /* main.cpp */,
				2112824E1D639AB30038DBEE /* myutils.cpp */,
				2112824F1D639AB30038DBEE /* myutils.hpp */,
				211282501D639AB30038DBEE /* Problem.cpp */,
				211282511D639AB30038DBEE /* Problem.hpp */,
				211282521D639AB30038DBEE /* ProblemHCSP.cpp */,
				211282531D639AB30038DBEE /* ProblemHCSP.hpp */,
				211282541D639AB30038DBEE /* ProblemTSP.cpp */,
				211282551D639AB30038DBEE /* ProblemTSP.hpp */,
				211282561D639AB30038DBEE /* ProblemVRP.cpp */,
				211282571D639AB30038DBEE /* ProblemVRP.hpp */,
				211282581D639AB30038DBEE /* Solution.cpp */,
				211282591D639AB30038DBEE /* Solution.hpp */,
			);
			path = ParallelBaB;
			sourceTree = "<group>";
		};
/* End PBXGroup section */

/* Begin PBXNativeTarget section */
		211282261D63988E0038DBEE /* ParallelBaB */ = {
			isa = PBXNativeTarget;
			buildConfigurationList = 2112822E1D63988E0038DBEE /* Build configuration list for PBXNativeTarget "ParallelBaB" */;
			buildPhases = (
				211282231D63988E0038DBEE /* Sources */,
				211282241D63988E0038DBEE /* Frameworks */,
				211282251D63988E0038DBEE /* CopyFiles */,
			);
			buildRules = (
			);
			dependencies = (
			);
			name = ParallelBaB;
			productName = ParallelBaB;
			productReference = 211282271D63988E0038DBEE /* ParallelBaB */;
			productType = "com.apple.product-type.tool";
		};
/* End PBXNativeTarget section */

/* Begin PBXProject section */
		2112821F1D63988D0038DBEE /* Project object */ = {
			isa = PBXProject;
			attributes = {
				LastUpgradeCheck = 0730;
				ORGANIZATIONNAME = "Carlos Soto";
				TargetAttributes = {
					211282261D63988E0038DBEE = {
						CreatedOnToolsVersion = 7.3.1;
					};
				};
			};
			buildConfigurationList = 211282221D63988D0038DBEE /* Build configuration list for PBXProject "ParallelBaB" */;
			compatibilityVersion = "Xcode 3.2";
			developmentRegion = English;
			hasScannedForEncodings = 0;
			knownRegions = (
				en,
			);
			mainGroup = 2112821E1D63988D0038DBEE;
			productRefGroup = 211282281D63988E0038DBEE /* Products */;
			projectDirPath = "";
			projectRoot = "";
			targets = (
				211282261D63988E0038DBEE /* ParallelBaB */,
			);
		};
/* End PBXProject section */

/* Begin PBXSourcesBuildPhase section */
		211282231D63988E0038DBEE /* Sources */ = {
			isa = PBXSourcesBuildPhase;
			buildActionMask = 2147483647;
			files = (
				211282621D639AB30038DBEE /* Solution.cpp in Sources */,
				211282611D639AB30038DBEE /* ProblemVRP.cpp in Sources */,
				211282601D639AB30038DBEE /* ProblemTSP.cpp in Sources */,
				2112825B1D639AB30038DBEE /* main.cpp in Sources */,
				2112825E1D639AB30038DBEE /* Problem.cpp in Sources */,
				2112825A1D639AB30038DBEE /* BranchAndBound.cpp in Sources */,
				2112825D1D639AB30038DBEE /* myutils.cpp in Sources */,
				2112825F1D639AB30038DBEE /* ProblemHCSP.cpp in Sources */,
			);
			runOnlyForDeploymentPostprocessing = 0;
		};
/* End PBXSourcesBuildPhase section */

/* Begin XCBuildConfiguration section */
		2112822C1D63988E0038DBEE /* Debug */ = {
			isa = XCBuildConfiguration;
			buildSettings = {
				ALWAYS_SEARCH_USER_PATHS = NO;
				CLANG_ANALYZER_NONNULL = YES;
				CLANG_CXX_LANGUAGE_STANDARD = "gnu++0x";
				CLANG_CXX_LIBRARY = "libc++";
				CLANG_ENABLE_MODULES = YES;
				CLANG_ENABLE_OBJC_ARC = YES;
				CLANG_WARN_BOOL_CONVERSION = YES;
				CLANG_WARN_CONSTANT_CONVERSION = YES;
				CLANG_WARN_DIRECT_OBJC_ISA_USAGE = YES_ERROR;
				CLANG_WARN_EMPTY_BODY = YES;
				CLANG_WARN_ENUM_CONVERSION = YES;
				CLANG_WARN_INT_CONVERSION = YES;
				CLANG_WARN_OBJC_ROOT_CLASS = YES_ERROR;
				CLANG_WARN_UNREACHABLE_CODE = YES;
				CLANG_WARN__DUPLICATE_METHOD_MATCH = YES;
				CODE_SIGN_IDENTITY = "-";
				COPY_PHASE_STRIP = NO;
				DEBUG_INFORMATION_FORMAT = dwarf;
				ENABLE_STRICT_OBJC_MSGSEND = YES;
				ENABLE_TESTABILITY = YES;
				GCC_C_LANGUAGE_STANDARD = gnu99;
				GCC_DYNAMIC_NO_PIC = NO;
				GCC_NO_COMMON_BLOCKS = YES;
				GCC_OPTIMIZATION_LEVEL = 0;
				GCC_PREPROCESSOR_DEFINITIONS = (
					"DEBUG=1",
					"$(inherited)",
				);
				GCC_WARN_64_TO_32_BIT_CONVERSION = YES;
				GCC_WARN_ABOUT_RETURN_TYPE = YES_ERROR;
				GCC_WARN_UNDECLARED_SELECTOR = YES;
				GCC_WARN_UNINITIALIZED_AUTOS = YES_AGGRESSIVE;
				GCC_WARN_UNUSED_FUNCTION = YES;
				GCC_WARN_UNUSED_VARIABLE = YES;
				MACOSX_DEPLOYMENT_TARGET = 10.11;
				MTL_ENABLE_DEBUG_INFO = YES;
				ONLY_ACTIVE_ARCH = YES;
				SDKROOT = macosx;
			};
			name = Debug;
		};
		2112822D1D63988E0038DBEE /* Release */ = {
			isa = XCBuildConfiguration;
			buildSettings = {
				ALWAYS_SEARCH_USER_PATHS = NO;
				CLANG_ANALYZER_NONNULL = YES;
				CLANG_CXX_LANGUAGE_STANDARD = "gnu++0x";
				CLANG_CXX_LIBRARY = "libc++";
				CLANG_ENABLE_MODULES = YES;
				CLANG_ENABLE_OBJC_ARC = YES;
				CLANG_WARN_BOOL_CONVERSION = YES;
				CLANG_WARN_CONSTANT_CONVERSION = YES;
				CLANG_WARN_DIRECT_OBJC_ISA_USAGE = YES_ERROR;
				CLANG_WARN_EMPTY_BODY = YES;
				CLANG_WARN_ENUM_CONVERSION = YES;
				CLANG_WARN_INT_CONVERSION = YES;
				CLANG_WARN_OBJC_ROOT_CLASS = YES_ERROR;
				CLANG_WARN_UNREACHABLE_CODE = YES;
				CLANG_WARN__DUPLICATE_METHOD_MATCH = YES;
				CODE_SIGN_IDENTITY = "-";
				COPY_PHASE_STRIP = NO;
				DEBUG_INFORMATION_FORMAT = "dwarf-with-dsym";
				ENABLE_NS_ASSERTIONS = NO;
				ENABLE_STRICT_OBJC_MSGSEND = YES;
				GCC_C_LANGUAGE_STANDARD = gnu99;
				GCC_NO_COMMON_BLOCKS = YES;
				GCC_WARN_64_TO_32_BIT_CONVERSION = YES;
				GCC_WARN_ABOUT_RETURN_TYPE = YES_ERROR;
				GCC_WARN_UNDECLARED_SELECTOR = YES;
				GCC_WARN_UNINITIALIZED_AUTOS = YES_AGGRESSIVE;
				GCC_WARN_UNUSED_FUNCTION = YES;
				GCC_WARN_UNUSED_VARIABLE = YES;
				MACOSX_DEPLOYMENT_TARGET = 10.11;
				MTL_ENABLE_DEBUG_INFO = NO;
				SDKROOT = macosx;
			};
			name = Release;
		};
		2112822F1D63988E0038DBEE /* Debug */ = {
			isa = XCBuildConfiguration;
			buildSettings = {
				PRODUCT_NAME = "$(TARGET_NAME)";
			};
			name = Debug;
		};
		211282301D63988E0038DBEE /* Release */ = {
			isa = XCBuildConfiguration;
			buildSettings = {
				PRODUCT_NAME = "$(TARGET_NAME)";
			};
			name = Release;
		};
/* End XCBuildConfiguration section */

/* Begin XCConfigurationList section */
		211282221D63988D0038DBEE /* Build configuration list for PBXProject "ParallelBaB" */ = {
			isa = XCConfigurationList;
			buildConfigurations = (
				2112822C1D63988E0038DBEE /* Debug */,
				2112822D1D63988E0038DBEE /* Release */,
			);
			defaultConfigurationIsVisible = 0;
			defaultConfigurationName = Release;
		};
		2112822E1D63988E0038DBEE /* Build configuration list for PBXNativeTarget "ParallelBaB" */ = {
			isa = XCConfigurationList;
			buildConfigurations = (
				2112822F1D63988E0038DBEE /* Debug */,
				211282301D63988E0038DBEE /* Release */,
			);
			defaultConfigurationIsVisible = 0;
			defaultConfigurationName = Release;
		};
/* End XCConfigurationList section */
	};
	rootObject = 2112821F1D63988D0038DBEE /* Project object */;
}
