// !$*UTF8*$!
{
	archiveVersion = 1;
	classes = {
	};
	objectVersion = 46;
	objects = {

/* Begin PBXBuildFile section */
		2103293E2013E3F8008C5679 /* FJSSPdata.cpp in Sources */ = {isa = PBXBuildFile; fileRef = 2103293C2013E3F8008C5679 /* FJSSPdata.cpp */; };
		2112825A1D639AB30038DBEE /* BranchAndBound.cpp in Sources */ = {isa = PBXBuildFile; fileRef = 2112824A1D639AB30038DBEE /* BranchAndBound.cpp */; };
		2112825B1D639AB30038DBEE /* main.cpp in Sources */ = {isa = PBXBuildFile; fileRef = 2112824C1D639AB30038DBEE /* main.cpp */; };
		2112825D1D639AB30038DBEE /* myutils.cpp in Sources */ = {isa = PBXBuildFile; fileRef = 2112824E1D639AB30038DBEE /* myutils.cpp */; };
		2112825E1D639AB30038DBEE /* Problem.cpp in Sources */ = {isa = PBXBuildFile; fileRef = 211282501D639AB30038DBEE /* Problem.cpp */; };
		2112825F1D639AB30038DBEE /* ProblemHCSP.cpp in Sources */ = {isa = PBXBuildFile; fileRef = 211282521D639AB30038DBEE /* ProblemHCSP.cpp */; };
		211282601D639AB30038DBEE /* ProblemTSP.cpp in Sources */ = {isa = PBXBuildFile; fileRef = 211282541D639AB30038DBEE /* ProblemTSP.cpp */; };
		211282611D639AB30038DBEE /* ProblemVRP.cpp in Sources */ = {isa = PBXBuildFile; fileRef = 211282561D639AB30038DBEE /* ProblemVRP.cpp */; };
		211282621D639AB30038DBEE /* Solution.cpp in Sources */ = {isa = PBXBuildFile; fileRef = 211282581D639AB30038DBEE /* Solution.cpp */; };
		2119FB481E41E14C00197CE4 /* Interval.cpp in Sources */ = {isa = PBXBuildFile; fileRef = 2119FB461E41E14C00197CE4 /* Interval.cpp */; };
		2119FB501E434B4200197CE4 /* libtbb.dylib in Frameworks */ = {isa = PBXBuildFile; fileRef = 2119FB4E1E434B4200197CE4 /* libtbb.dylib */; };
		2119FB511E434B4200197CE4 /* libtbbmalloc.dylib in Frameworks */ = {isa = PBXBuildFile; fileRef = 2119FB4F1E434B4200197CE4 /* libtbbmalloc.dylib */; };
		212AFB1E1E3F35CE004FC057 /* Dominance.cpp in Sources */ = {isa = PBXBuildFile; fileRef = 21F4CBA51DAE97CC004A308F /* Dominance.cpp */; };
		21390E601F30CEB800C96853 /* libtbb.dylib in CopyFiles */ = {isa = PBXBuildFile; fileRef = 21390E5E1F30CEB800C96853 /* libtbb.dylib */; };
		21390E611F30CEB800C96853 /* libtbbmalloc.dylib in CopyFiles */ = {isa = PBXBuildFile; fileRef = 21390E5F1F30CEB800C96853 /* libtbbmalloc.dylib */; };
		214467621FD8C3B000364E2A /* ParetoBucket.cpp in Sources */ = {isa = PBXBuildFile; fileRef = 214467601FD8C3B000364E2A /* ParetoBucket.cpp */; };
		214467651FD8D74A00364E2A /* HandlerContainer.cpp in Sources */ = {isa = PBXBuildFile; fileRef = 214467631FD8D74A00364E2A /* HandlerContainer.cpp */; };
		214C92DF200FC65C00B55E58 /* SortedVector.cpp in Sources */ = {isa = PBXBuildFile; fileRef = 214C92DD200FC65C00B55E58 /* SortedVector.cpp */; };
		214C92E2200FCB2B00B55E58 /* ObjectiveValues.cpp in Sources */ = {isa = PBXBuildFile; fileRef = 214C92E0200FCB2B00B55E58 /* ObjectiveValues.cpp */; };
		214C92E52010349100B55E58 /* NSGA_II.cpp in Sources */ = {isa = PBXBuildFile; fileRef = 214C92E32010349100B55E58 /* NSGA_II.cpp */; };
		21774E401FD85A11007FF333 /* IVMTreeException.cpp in Sources */ = {isa = PBXBuildFile; fileRef = 21774E3E1FD85A11007FF333 /* IVMTreeException.cpp */; };
		21774E431FD8883B007FF333 /* SubproblemsPool.cpp in Sources */ = {isa = PBXBuildFile; fileRef = 21774E411FD8883B007FF333 /* SubproblemsPool.cpp */; };
		21780F1E1DD9B7D90032EECA /* ProblemFJSSP.cpp in Sources */ = {isa = PBXBuildFile; fileRef = 21780F1C1DD9B7D80032EECA /* ProblemFJSSP.cpp */; };
		217A2E901D944DBB00A4E9EA /* GridContainer.cpp in Sources */ = {isa = PBXBuildFile; fileRef = 217A2E8E1D944DBB00A4E9EA /* GridContainer.cpp */; };
		217D170F1F744B33004CECD8 /* MasterWorkerPBB.cpp in Sources */ = {isa = PBXBuildFile; fileRef = 217D170D1F744B33004CECD8 /* MasterWorkerPBB.cpp */; };
		218B0DB91E2D769F000B52F4 /* IVMTree.cpp in Sources */ = {isa = PBXBuildFile; fileRef = 218B0DB71E2D769F000B52F4 /* IVMTree.cpp */; };
		21CE205D1F907F40006E0BE4 /* libmpi_cxx.1.dylib in Frameworks */ = {isa = PBXBuildFile; fileRef = 21CE205B1F907F3F006E0BE4 /* libmpi_cxx.1.dylib */; };
		21CE205E1F907F40006E0BE4 /* libmpi.12.dylib in Frameworks */ = {isa = PBXBuildFile; fileRef = 21CE205C1F907F40006E0BE4 /* libmpi.12.dylib */; };
		21CE20611F907F6A006E0BE4 /* libmpi_cxx.1.dylib in CopyFiles */ = {isa = PBXBuildFile; fileRef = 21CE205F1F907F6A006E0BE4 /* libmpi_cxx.1.dylib */; };
		21CE20621F907F6A006E0BE4 /* libmpi.12.dylib in CopyFiles */ = {isa = PBXBuildFile; fileRef = 21CE20601F907F6A006E0BE4 /* libmpi.12.dylib */; };
		21E8EF8C1E48BD0800A716C6 /* ParallelBranchAndBound.cpp in Sources */ = {isa = PBXBuildFile; fileRef = 21E8EF8A1E48BD0800A716C6 /* ParallelBranchAndBound.cpp */; };
/* End PBXBuildFile section */

/* Begin PBXCopyFilesBuildPhase section */
		211282251D63988E0038DBEE /* CopyFiles */ = {
			isa = PBXCopyFilesBuildPhase;
			buildActionMask = 12;
			dstPath = "";
			dstSubfolderSpec = 16;
			files = (
				21CE20611F907F6A006E0BE4 /* libmpi_cxx.1.dylib in CopyFiles */,
				21CE20621F907F6A006E0BE4 /* libmpi.12.dylib in CopyFiles */,
				21390E601F30CEB800C96853 /* libtbb.dylib in CopyFiles */,
				21390E611F30CEB800C96853 /* libtbbmalloc.dylib in CopyFiles */,
			);
			runOnlyForDeploymentPostprocessing = 0;
		};
/* End PBXCopyFilesBuildPhase section */

/* Begin PBXFileReference section */
		2103293C2013E3F8008C5679 /* FJSSPdata.cpp */ = {isa = PBXFileReference; lastKnownFileType = sourcecode.cpp.cpp; path = FJSSPdata.cpp; sourceTree = "<group>"; };
		2103293D2013E3F8008C5679 /* FJSSPdata.hpp */ = {isa = PBXFileReference; lastKnownFileType = sourcecode.cpp.h; path = FJSSPdata.hpp; sourceTree = "<group>"; };
		211282271D63988E0038DBEE /* ParallelBaB */ = {isa = PBXFileReference; explicitFileType = "compiled.mach-o.executable"; includeInIndex = 0; path = ParallelBaB; sourceTree = BUILT_PRODUCTS_DIR; };
		2112824A1D639AB30038DBEE /* BranchAndBound.cpp */ = {isa = PBXFileReference; fileEncoding = 4; lastKnownFileType = sourcecode.cpp.cpp; path = BranchAndBound.cpp; sourceTree = "<group>"; };
		2112824B1D639AB30038DBEE /* BranchAndBound.hpp */ = {isa = PBXFileReference; fileEncoding = 4; lastKnownFileType = sourcecode.cpp.h; path = BranchAndBound.hpp; sourceTree = "<group>"; };
		2112824C1D639AB30038DBEE /* main.cpp */ = {isa = PBXFileReference; fileEncoding = 4; lastKnownFileType = sourcecode.cpp.cpp; path = main.cpp; sourceTree = "<group>"; };
		2112824E1D639AB30038DBEE /* myutils.cpp */ = {isa = PBXFileReference; fileEncoding = 4; lastKnownFileType = sourcecode.cpp.cpp; path = myutils.cpp; sourceTree = "<group>"; };
		2112824F1D639AB30038DBEE /* myutils.hpp */ = {isa = PBXFileReference; fileEncoding = 4; lastKnownFileType = sourcecode.cpp.h; path = myutils.hpp; sourceTree = "<group>"; };
		211282501D639AB30038DBEE /* Problem.cpp */ = {isa = PBXFileReference; fileEncoding = 4; lastKnownFileType = sourcecode.cpp.cpp; path = Problem.cpp; sourceTree = "<group>"; };
		211282511D639AB30038DBEE /* Problem.hpp */ = {isa = PBXFileReference; fileEncoding = 4; lastKnownFileType = sourcecode.cpp.h; path = Problem.hpp; sourceTree = "<group>"; };
		211282521D639AB30038DBEE /* ProblemHCSP.cpp */ = {isa = PBXFileReference; fileEncoding = 4; lastKnownFileType = sourcecode.cpp.cpp; path = ProblemHCSP.cpp; sourceTree = "<group>"; };
		211282531D639AB30038DBEE /* ProblemHCSP.hpp */ = {isa = PBXFileReference; fileEncoding = 4; lastKnownFileType = sourcecode.cpp.h; path = ProblemHCSP.hpp; sourceTree = "<group>"; };
		211282541D639AB30038DBEE /* ProblemTSP.cpp */ = {isa = PBXFileReference; fileEncoding = 4; lastKnownFileType = sourcecode.cpp.cpp; path = ProblemTSP.cpp; sourceTree = "<group>"; };
		211282551D639AB30038DBEE /* ProblemTSP.hpp */ = {isa = PBXFileReference; fileEncoding = 4; lastKnownFileType = sourcecode.cpp.h; path = ProblemTSP.hpp; sourceTree = "<group>"; };
		211282561D639AB30038DBEE /* ProblemVRP.cpp */ = {isa = PBXFileReference; fileEncoding = 4; lastKnownFileType = sourcecode.cpp.cpp; path = ProblemVRP.cpp; sourceTree = "<group>"; };
		211282571D639AB30038DBEE /* ProblemVRP.hpp */ = {isa = PBXFileReference; fileEncoding = 4; lastKnownFileType = sourcecode.cpp.h; path = ProblemVRP.hpp; sourceTree = "<group>"; };
		211282581D639AB30038DBEE /* Solution.cpp */ = {isa = PBXFileReference; fileEncoding = 4; lastKnownFileType = sourcecode.cpp.cpp; path = Solution.cpp; sourceTree = "<group>"; };
		211282591D639AB30038DBEE /* Solution.hpp */ = {isa = PBXFileReference; fileEncoding = 4; lastKnownFileType = sourcecode.cpp.h; path = Solution.hpp; sourceTree = "<group>"; };
		2119FB461E41E14C00197CE4 /* Interval.cpp */ = {isa = PBXFileReference; fileEncoding = 4; lastKnownFileType = sourcecode.cpp.cpp; path = Interval.cpp; sourceTree = "<group>"; };
		2119FB471E41E14C00197CE4 /* Interval.hpp */ = {isa = PBXFileReference; fileEncoding = 4; lastKnownFileType = sourcecode.cpp.h; path = Interval.hpp; sourceTree = "<group>"; };
		2119FB4E1E434B4200197CE4 /* libtbb.dylib */ = {isa = PBXFileReference; lastKnownFileType = "compiled.mach-o.dylib"; name = libtbb.dylib; path = ../../../../Libraries/tbb2017_20161128oss/build/macos_intel64_clang_cc8.0.0_os10.11.6_release/libtbb.dylib; sourceTree = "<group>"; };
		2119FB4F1E434B4200197CE4 /* libtbbmalloc.dylib */ = {isa = PBXFileReference; lastKnownFileType = "compiled.mach-o.dylib"; name = libtbbmalloc.dylib; path = ../../../../Libraries/tbb2017_20161128oss/build/macos_intel64_clang_cc8.0.0_os10.11.6_release/libtbbmalloc.dylib; sourceTree = "<group>"; };
		212A26C71ED70C7B00648EC9 /* submit-uca.sh */ = {isa = PBXFileReference; fileEncoding = 4; lastKnownFileType = text.script.sh; path = "submit-uca.sh"; sourceTree = "<group>"; };
		21390E5E1F30CEB800C96853 /* libtbb.dylib */ = {isa = PBXFileReference; lastKnownFileType = "compiled.mach-o.dylib"; path = libtbb.dylib; sourceTree = "<group>"; };
		21390E5F1F30CEB800C96853 /* libtbbmalloc.dylib */ = {isa = PBXFileReference; lastKnownFileType = "compiled.mach-o.dylib"; path = libtbbmalloc.dylib; sourceTree = "<group>"; };
		214467601FD8C3B000364E2A /* ParetoBucket.cpp */ = {isa = PBXFileReference; lastKnownFileType = sourcecode.cpp.cpp; path = ParetoBucket.cpp; sourceTree = "<group>"; };
		214467611FD8C3B000364E2A /* ParetoBucket.hpp */ = {isa = PBXFileReference; lastKnownFileType = sourcecode.cpp.h; path = ParetoBucket.hpp; sourceTree = "<group>"; };
		214467631FD8D74A00364E2A /* HandlerContainer.cpp */ = {isa = PBXFileReference; lastKnownFileType = sourcecode.cpp.cpp; path = HandlerContainer.cpp; sourceTree = "<group>"; };
		214467641FD8D74A00364E2A /* HandlerContainer.hpp */ = {isa = PBXFileReference; lastKnownFileType = sourcecode.cpp.h; path = HandlerContainer.hpp; sourceTree = "<group>"; };
		214C92DD200FC65C00B55E58 /* SortedVector.cpp */ = {isa = PBXFileReference; lastKnownFileType = sourcecode.cpp.cpp; path = SortedVector.cpp; sourceTree = "<group>"; };
		214C92DE200FC65C00B55E58 /* SortedVector.hpp */ = {isa = PBXFileReference; lastKnownFileType = sourcecode.cpp.h; path = SortedVector.hpp; sourceTree = "<group>"; };
		214C92E0200FCB2B00B55E58 /* ObjectiveValues.cpp */ = {isa = PBXFileReference; lastKnownFileType = sourcecode.cpp.cpp; path = ObjectiveValues.cpp; sourceTree = "<group>"; };
		214C92E1200FCB2B00B55E58 /* ObjectiveValues.hpp */ = {isa = PBXFileReference; lastKnownFileType = sourcecode.cpp.h; path = ObjectiveValues.hpp; sourceTree = "<group>"; };
		214C92E32010349100B55E58 /* NSGA_II.cpp */ = {isa = PBXFileReference; lastKnownFileType = sourcecode.cpp.cpp; path = NSGA_II.cpp; sourceTree = "<group>"; };
		214C92E42010349100B55E58 /* NSGA_II.hpp */ = {isa = PBXFileReference; lastKnownFileType = sourcecode.cpp.h; path = NSGA_II.hpp; sourceTree = "<group>"; };
		216F69B01E5AE5FD00589E5D /* submit-multiple.sh */ = {isa = PBXFileReference; lastKnownFileType = text.script.sh; path = "submit-multiple.sh"; sourceTree = "<group>"; };
		216F69B11E5AE66600589E5D /* Makefile */ = {isa = PBXFileReference; lastKnownFileType = sourcecode.make; path = Makefile; sourceTree = "<group>"; };
		21774E3E1FD85A11007FF333 /* IVMTreeException.cpp */ = {isa = PBXFileReference; lastKnownFileType = sourcecode.cpp.cpp; path = IVMTreeException.cpp; sourceTree = "<group>"; };
		21774E3F1FD85A11007FF333 /* IVMTreeException.hpp */ = {isa = PBXFileReference; lastKnownFileType = sourcecode.cpp.h; path = IVMTreeException.hpp; sourceTree = "<group>"; };
		21774E411FD8883B007FF333 /* SubproblemsPool.cpp */ = {isa = PBXFileReference; lastKnownFileType = sourcecode.cpp.cpp; path = SubproblemsPool.cpp; sourceTree = "<group>"; };
		21774E421FD8883B007FF333 /* SubproblemsPool.hpp */ = {isa = PBXFileReference; lastKnownFileType = sourcecode.cpp.h; path = SubproblemsPool.hpp; sourceTree = "<group>"; };
		21780F1C1DD9B7D80032EECA /* ProblemFJSSP.cpp */ = {isa = PBXFileReference; fileEncoding = 4; lastKnownFileType = sourcecode.cpp.cpp; path = ProblemFJSSP.cpp; sourceTree = "<group>"; };
		21780F1D1DD9B7D80032EECA /* ProblemFJSSP.hpp */ = {isa = PBXFileReference; fileEncoding = 4; lastKnownFileType = sourcecode.cpp.h; path = ProblemFJSSP.hpp; sourceTree = "<group>"; };
		217A2E8E1D944DBB00A4E9EA /* GridContainer.cpp */ = {isa = PBXFileReference; fileEncoding = 4; lastKnownFileType = sourcecode.cpp.cpp; path = GridContainer.cpp; sourceTree = "<group>"; };
		217A2E8F1D944DBB00A4E9EA /* GridContainer.hpp */ = {isa = PBXFileReference; fileEncoding = 4; lastKnownFileType = sourcecode.cpp.h; path = GridContainer.hpp; sourceTree = "<group>"; };
		217D170D1F744B33004CECD8 /* MasterWorkerPBB.cpp */ = {isa = PBXFileReference; fileEncoding = 4; lastKnownFileType = sourcecode.cpp.cpp; path = MasterWorkerPBB.cpp; sourceTree = "<group>"; };
		217D170E1F744B33004CECD8 /* MasterWorkerPBB.hpp */ = {isa = PBXFileReference; fileEncoding = 4; lastKnownFileType = sourcecode.cpp.h; path = MasterWorkerPBB.hpp; sourceTree = "<group>"; };
		218B0DB71E2D769F000B52F4 /* IVMTree.cpp */ = {isa = PBXFileReference; fileEncoding = 4; lastKnownFileType = sourcecode.cpp.cpp; path = IVMTree.cpp; sourceTree = "<group>"; };
		218B0DB81E2D769F000B52F4 /* IVMTree.hpp */ = {isa = PBXFileReference; fileEncoding = 4; lastKnownFileType = sourcecode.cpp.h; path = IVMTree.hpp; sourceTree = "<group>"; };
		21CE205B1F907F3F006E0BE4 /* libmpi_cxx.1.dylib */ = {isa = PBXFileReference; lastKnownFileType = "compiled.mach-o.dylib"; name = libmpi_cxx.1.dylib; path = "../../../../../opt/local/lib/openmpi-mp/libmpi_cxx.1.dylib"; sourceTree = "<group>"; };
		21CE205C1F907F40006E0BE4 /* libmpi.12.dylib */ = {isa = PBXFileReference; lastKnownFileType = "compiled.mach-o.dylib"; name = libmpi.12.dylib; path = "../../../../../opt/local/lib/openmpi-mp/libmpi.12.dylib"; sourceTree = "<group>"; };
		21CE205F1F907F6A006E0BE4 /* libmpi_cxx.1.dylib */ = {isa = PBXFileReference; lastKnownFileType = "compiled.mach-o.dylib"; name = libmpi_cxx.1.dylib; path = "../../../../../opt/local/lib/openmpi-mp/libmpi_cxx.1.dylib"; sourceTree = "<group>"; };
		21CE20601F907F6A006E0BE4 /* libmpi.12.dylib */ = {isa = PBXFileReference; lastKnownFileType = "compiled.mach-o.dylib"; name = libmpi.12.dylib; path = "../../../../../opt/local/lib/openmpi-mp/libmpi.12.dylib"; sourceTree = "<group>"; };
		21CE20631F9132C1006E0BE4 /* libtbb_debug.dylib */ = {isa = PBXFileReference; lastKnownFileType = "compiled.mach-o.dylib"; name = libtbb_debug.dylib; path = ../../../../../opt/intel/compilers_and_libraries_2017.1.126/mac/tbb/lib/libtbb_debug.dylib; sourceTree = "<group>"; };
		21CE20641F9132C1006E0BE4 /* libtbbmalloc_debug.dylib */ = {isa = PBXFileReference; lastKnownFileType = "compiled.mach-o.dylib"; name = libtbbmalloc_debug.dylib; path = ../../../../../opt/intel/compilers_and_libraries_2017.1.126/mac/tbb/lib/libtbbmalloc_debug.dylib; sourceTree = "<group>"; };
		21E8EF8A1E48BD0800A716C6 /* ParallelBranchAndBound.cpp */ = {isa = PBXFileReference; fileEncoding = 4; lastKnownFileType = sourcecode.cpp.cpp; path = ParallelBranchAndBound.cpp; sourceTree = "<group>"; };
		21E8EF8B1E48BD0800A716C6 /* ParallelBranchAndBound.hpp */ = {isa = PBXFileReference; fileEncoding = 4; lastKnownFileType = sourcecode.cpp.h; path = ParallelBranchAndBound.hpp; sourceTree = "<group>"; };
		21F4CBA51DAE97CC004A308F /* Dominance.cpp */ = {isa = PBXFileReference; fileEncoding = 4; lastKnownFileType = sourcecode.cpp.cpp; path = Dominance.cpp; sourceTree = "<group>"; };
		21F4CBA61DAE97CC004A308F /* Dominance.hpp */ = {isa = PBXFileReference; fileEncoding = 4; lastKnownFileType = sourcecode.cpp.h; path = Dominance.hpp; sourceTree = "<group>"; };
/* End PBXFileReference section */

/* Begin PBXFrameworksBuildPhase section */
		211282241D63988E0038DBEE /* Frameworks */ = {
			isa = PBXFrameworksBuildPhase;
			buildActionMask = 2147483647;
			files = (
				21CE205D1F907F40006E0BE4 /* libmpi_cxx.1.dylib in Frameworks */,
				21CE205E1F907F40006E0BE4 /* libmpi.12.dylib in Frameworks */,
				2119FB501E434B4200197CE4 /* libtbb.dylib in Frameworks */,
				2119FB511E434B4200197CE4 /* libtbbmalloc.dylib in Frameworks */,
			);
			runOnlyForDeploymentPostprocessing = 0;
		};
/* End PBXFrameworksBuildPhase section */

/* Begin PBXGroup section */
		2112821E1D63988D0038DBEE = {
			isa = PBXGroup;
			children = (
				21CE205F1F907F6A006E0BE4 /* libmpi_cxx.1.dylib */,
				21CE20601F907F6A006E0BE4 /* libmpi.12.dylib */,
				21390E5E1F30CEB800C96853 /* libtbb.dylib */,
				21390E5F1F30CEB800C96853 /* libtbbmalloc.dylib */,
				216F69AF1E5AE5A900589E5D /* results */,
				211282291D63988E0038DBEE /* ParallelBaB */,
				211282281D63988E0038DBEE /* Products */,
				2119FB4D1E434B4200197CE4 /* Frameworks */,
			);
			sourceTree = "<group>";
		};
		211282281D63988E0038DBEE /* Products */ = {
			isa = PBXGroup;
			children = (
				211282271D63988E0038DBEE /* ParallelBaB */,
			);
			name = Products;
			sourceTree = "<group>";
		};
		211282291D63988E0038DBEE /* ParallelBaB */ = {
			isa = PBXGroup;
			children = (
				217D170D1F744B33004CECD8 /* MasterWorkerPBB.cpp */,
				217D170E1F744B33004CECD8 /* MasterWorkerPBB.hpp */,
				21E8EF8A1E48BD0800A716C6 /* ParallelBranchAndBound.cpp */,
				21E8EF8B1E48BD0800A716C6 /* ParallelBranchAndBound.hpp */,
				2112824A1D639AB30038DBEE /* BranchAndBound.cpp */,
				2112824B1D639AB30038DBEE /* BranchAndBound.hpp */,
				214C92E32010349100B55E58 /* NSGA_II.cpp */,
				214C92E42010349100B55E58 /* NSGA_II.hpp */,
				21F4CBA51DAE97CC004A308F /* Dominance.cpp */,
				21F4CBA61DAE97CC004A308F /* Dominance.hpp */,
				214467601FD8C3B000364E2A /* ParetoBucket.cpp */,
				214467611FD8C3B000364E2A /* ParetoBucket.hpp */,
				217A2E8E1D944DBB00A4E9EA /* GridContainer.cpp */,
				217A2E8F1D944DBB00A4E9EA /* GridContainer.hpp */,
				214467631FD8D74A00364E2A /* HandlerContainer.cpp */,
				214467641FD8D74A00364E2A /* HandlerContainer.hpp */,
				2119FB461E41E14C00197CE4 /* Interval.cpp */,
				2119FB471E41E14C00197CE4 /* Interval.hpp */,
				21774E411FD8883B007FF333 /* SubproblemsPool.cpp */,
				21774E421FD8883B007FF333 /* SubproblemsPool.hpp */,
				218B0DB71E2D769F000B52F4 /* IVMTree.cpp */,
				218B0DB81E2D769F000B52F4 /* IVMTree.hpp */,
				21774E3E1FD85A11007FF333 /* IVMTreeException.cpp */,
				21774E3F1FD85A11007FF333 /* IVMTreeException.hpp */,
				2112824E1D639AB30038DBEE /* myutils.cpp */,
				2112824F1D639AB30038DBEE /* myutils.hpp */,
				214C92E0200FCB2B00B55E58 /* ObjectiveValues.cpp */,
				214C92E1200FCB2B00B55E58 /* ObjectiveValues.hpp */,
				214C92DD200FC65C00B55E58 /* SortedVector.cpp */,
				214C92DE200FC65C00B55E58 /* SortedVector.hpp */,
				211282501D639AB30038DBEE /* Problem.cpp */,
				211282511D639AB30038DBEE /* Problem.hpp */,
				2103293C2013E3F8008C5679 /* FJSSPdata.cpp */,
				2103293D2013E3F8008C5679 /* FJSSPdata.hpp */,
				21780F1C1DD9B7D80032EECA /* ProblemFJSSP.cpp */,
				21780F1D1DD9B7D80032EECA /* ProblemFJSSP.hpp */,
				211282521D639AB30038DBEE /* ProblemHCSP.cpp */,
				211282531D639AB30038DBEE /* ProblemHCSP.hpp */,
				211282541D639AB30038DBEE /* ProblemTSP.cpp */,
				211282551D639AB30038DBEE /* ProblemTSP.hpp */,
				211282561D639AB30038DBEE /* ProblemVRP.cpp */,
				211282571D639AB30038DBEE /* ProblemVRP.hpp */,
				211282581D639AB30038DBEE /* Solution.cpp */,
				211282591D639AB30038DBEE /* Solution.hpp */,
				2112824C1D639AB30038DBEE /* main.cpp */,
				212A26C71ED70C7B00648EC9 /* submit-uca.sh */,
				216F69B01E5AE5FD00589E5D /* submit-multiple.sh */,
				216F69B11E5AE66600589E5D /* Makefile */,
			);
			path = ParallelBaB;
			sourceTree = "<group>";
		};
		2119FB4D1E434B4200197CE4 /* Frameworks */ = {
			isa = PBXGroup;
			children = (
				21CE20631F9132C1006E0BE4 /* libtbb_debug.dylib */,
				21CE20641F9132C1006E0BE4 /* libtbbmalloc_debug.dylib */,
				21CE205B1F907F3F006E0BE4 /* libmpi_cxx.1.dylib */,
				21CE205C1F907F40006E0BE4 /* libmpi.12.dylib */,
				2119FB4E1E434B4200197CE4 /* libtbb.dylib */,
				2119FB4F1E434B4200197CE4 /* libtbbmalloc.dylib */,
			);
			name = Frameworks;
			sourceTree = "<group>";
		};
		216F69AF1E5AE5A900589E5D /* results */ = {
			isa = PBXGroup;
			children = (
			);
			name = results;
			sourceTree = "<group>";
		};
/* End PBXGroup section */

/* Begin PBXNativeTarget section */
		211282261D63988E0038DBEE /* ParallelBaB */ = {
			isa = PBXNativeTarget;
			buildConfigurationList = 2112822E1D63988E0038DBEE /* Build configuration list for PBXNativeTarget "ParallelBaB" */;
			buildPhases = (
				211282231D63988E0038DBEE /* Sources */,
				211282241D63988E0038DBEE /* Frameworks */,
				211282251D63988E0038DBEE /* CopyFiles */,
			);
			buildRules = (
			);
			dependencies = (
			);
			name = ParallelBaB;
			productName = ParallelBaB;
			productReference = 211282271D63988E0038DBEE /* ParallelBaB */;
			productType = "com.apple.product-type.tool";
		};
/* End PBXNativeTarget section */

/* Begin PBXProject section */
		2112821F1D63988D0038DBEE /* Project object */ = {
			isa = PBXProject;
			attributes = {
				LastUpgradeCheck = 0900;
				ORGANIZATIONNAME = "Carlos Soto";
				TargetAttributes = {
					211282261D63988E0038DBEE = {
						CreatedOnToolsVersion = 7.3.1;
					};
				};
			};
			buildConfigurationList = 211282221D63988D0038DBEE /* Build configuration list for PBXProject "ParallelBaB" */;
			compatibilityVersion = "Xcode 3.2";
			developmentRegion = English;
			hasScannedForEncodings = 0;
			knownRegions = (
				en,
			);
			mainGroup = 2112821E1D63988D0038DBEE;
			productRefGroup = 211282281D63988E0038DBEE /* Products */;
			projectDirPath = "";
			projectRoot = "";
			targets = (
				211282261D63988E0038DBEE /* ParallelBaB */,
			);
		};
/* End PBXProject section */

/* Begin PBXSourcesBuildPhase section */
		211282231D63988E0038DBEE /* Sources */ = {
			isa = PBXSourcesBuildPhase;
			buildActionMask = 2147483647;
			files = (
				2103293E2013E3F8008C5679 /* FJSSPdata.cpp in Sources */,
				21774E401FD85A11007FF333 /* IVMTreeException.cpp in Sources */,
				214C92DF200FC65C00B55E58 /* SortedVector.cpp in Sources */,
				212AFB1E1E3F35CE004FC057 /* Dominance.cpp in Sources */,
				217A2E901D944DBB00A4E9EA /* GridContainer.cpp in Sources */,
				211282621D639AB30038DBEE /* Solution.cpp in Sources */,
				217D170F1F744B33004CECD8 /* MasterWorkerPBB.cpp in Sources */,
				214C92E52010349100B55E58 /* NSGA_II.cpp in Sources */,
				21780F1E1DD9B7D90032EECA /* ProblemFJSSP.cpp in Sources */,
				214C92E2200FCB2B00B55E58 /* ObjectiveValues.cpp in Sources */,
				211282611D639AB30038DBEE /* ProblemVRP.cpp in Sources */,
				211282601D639AB30038DBEE /* ProblemTSP.cpp in Sources */,
				214467621FD8C3B000364E2A /* ParetoBucket.cpp in Sources */,
				2112825B1D639AB30038DBEE /* main.cpp in Sources */,
				2112825E1D639AB30038DBEE /* Problem.cpp in Sources */,
				2119FB481E41E14C00197CE4 /* Interval.cpp in Sources */,
				21774E431FD8883B007FF333 /* SubproblemsPool.cpp in Sources */,
				2112825A1D639AB30038DBEE /* BranchAndBound.cpp in Sources */,
				218B0DB91E2D769F000B52F4 /* IVMTree.cpp in Sources */,
				21E8EF8C1E48BD0800A716C6 /* ParallelBranchAndBound.cpp in Sources */,
				2112825D1D639AB30038DBEE /* myutils.cpp in Sources */,
				2112825F1D639AB30038DBEE /* ProblemHCSP.cpp in Sources */,
				214467651FD8D74A00364E2A /* HandlerContainer.cpp in Sources */,
			);
			runOnlyForDeploymentPostprocessing = 0;
		};
/* End PBXSourcesBuildPhase section */

/* Begin XCBuildConfiguration section */
		2112822C1D63988E0038DBEE /* Debug */ = {
			isa = XCBuildConfiguration;
			buildSettings = {
				ALWAYS_SEARCH_USER_PATHS = YES;
				CLANG_ANALYZER_NONNULL = YES;
				CLANG_CXX_LANGUAGE_STANDARD = "gnu++0x";
				CLANG_CXX_LIBRARY = "libc++";
				CLANG_ENABLE_MODULES = YES;
				CLANG_ENABLE_OBJC_ARC = YES;
				CLANG_WARN_BLOCK_CAPTURE_AUTORELEASING = YES;
				CLANG_WARN_BOOL_CONVERSION = YES;
				CLANG_WARN_COMMA = YES;
				CLANG_WARN_CONSTANT_CONVERSION = YES;
				CLANG_WARN_DIRECT_OBJC_ISA_USAGE = YES_ERROR;
				CLANG_WARN_EMPTY_BODY = YES;
				CLANG_WARN_ENUM_CONVERSION = YES;
				CLANG_WARN_INFINITE_RECURSION = YES;
				CLANG_WARN_INT_CONVERSION = YES;
				CLANG_WARN_NON_LITERAL_NULL_CONVERSION = YES;
				CLANG_WARN_OBJC_LITERAL_CONVERSION = YES;
				CLANG_WARN_OBJC_ROOT_CLASS = YES_ERROR;
				CLANG_WARN_RANGE_LOOP_ANALYSIS = YES;
				CLANG_WARN_STRICT_PROTOTYPES = YES;
				CLANG_WARN_SUSPICIOUS_MOVE = YES;
				CLANG_WARN_UNREACHABLE_CODE = YES;
				CLANG_WARN__DUPLICATE_METHOD_MATCH = YES;
				CODE_SIGN_IDENTITY = "-";
				COPY_PHASE_STRIP = NO;
				DEBUG_INFORMATION_FORMAT = dwarf;
				ENABLE_STRICT_OBJC_MSGSEND = YES;
				ENABLE_TESTABILITY = YES;
				FRAMEWORK_SEARCH_PATHS = "";
				GCC_C_LANGUAGE_STANDARD = gnu99;
				GCC_DYNAMIC_NO_PIC = NO;
				GCC_NO_COMMON_BLOCKS = YES;
				GCC_OPTIMIZATION_LEVEL = 0;
				GCC_PREPROCESSOR_DEFINITIONS = (
					"DEBUG=1",
					"$(inherited)",
				);
				GCC_VERSION = "";
				GCC_WARN_64_TO_32_BIT_CONVERSION = YES;
				GCC_WARN_ABOUT_RETURN_TYPE = YES_ERROR;
				GCC_WARN_UNDECLARED_SELECTOR = YES;
				GCC_WARN_UNINITIALIZED_AUTOS = YES_AGGRESSIVE;
				GCC_WARN_UNUSED_FUNCTION = YES;
				GCC_WARN_UNUSED_VARIABLE = YES;
				HEADER_SEARCH_PATHS = "/opt/local/include/openmpi-mp/";
				LIBRARY_SEARCH_PATHS = (
					/Users/carlossoto/Libraries/tbb2017_20161128oss/build/macos_intel64_clang_cc8.0.0_os10.11.6_release,
					"/opt/local/lib/openmpi-mp/",
				);
				MACOSX_DEPLOYMENT_TARGET = 10.11;
				MTL_ENABLE_DEBUG_INFO = YES;
				ONLY_ACTIVE_ARCH = YES;
				OTHER_LDFLAGS = (
					"-lmpi",
					"-lm",
				);
				SDKROOT = macosx;
				USER_HEADER_SEARCH_PATHS = "/opt/local/include/openmpi-mp/";
			};
			name = Debug;
		};
		2112822D1D63988E0038DBEE /* Release */ = {
			isa = XCBuildConfiguration;
			buildSettings = {
				ALWAYS_SEARCH_USER_PATHS = YES;
				CLANG_ANALYZER_NONNULL = YES;
				CLANG_CXX_LANGUAGE_STANDARD = "gnu++0x";
				CLANG_CXX_LIBRARY = "libc++";
				CLANG_ENABLE_MODULES = YES;
				CLANG_ENABLE_OBJC_ARC = YES;
				CLANG_WARN_BLOCK_CAPTURE_AUTORELEASING = YES;
				CLANG_WARN_BOOL_CONVERSION = YES;
				CLANG_WARN_COMMA = YES;
				CLANG_WARN_CONSTANT_CONVERSION = YES;
				CLANG_WARN_DIRECT_OBJC_ISA_USAGE = YES_ERROR;
				CLANG_WARN_EMPTY_BODY = YES;
				CLANG_WARN_ENUM_CONVERSION = YES;
				CLANG_WARN_INFINITE_RECURSION = YES;
				CLANG_WARN_INT_CONVERSION = YES;
				CLANG_WARN_NON_LITERAL_NULL_CONVERSION = YES;
				CLANG_WARN_OBJC_LITERAL_CONVERSION = YES;
				CLANG_WARN_OBJC_ROOT_CLASS = YES_ERROR;
				CLANG_WARN_RANGE_LOOP_ANALYSIS = YES;
				CLANG_WARN_STRICT_PROTOTYPES = YES;
				CLANG_WARN_SUSPICIOUS_MOVE = YES;
				CLANG_WARN_UNREACHABLE_CODE = YES;
				CLANG_WARN__DUPLICATE_METHOD_MATCH = YES;
				CODE_SIGN_IDENTITY = "-";
				COPY_PHASE_STRIP = NO;
				DEBUG_INFORMATION_FORMAT = "dwarf-with-dsym";
				ENABLE_NS_ASSERTIONS = NO;
				ENABLE_STRICT_OBJC_MSGSEND = YES;
				FRAMEWORK_SEARCH_PATHS = "";
				GCC_C_LANGUAGE_STANDARD = gnu99;
				GCC_NO_COMMON_BLOCKS = YES;
				GCC_VERSION = "";
				GCC_WARN_64_TO_32_BIT_CONVERSION = YES;
				GCC_WARN_ABOUT_RETURN_TYPE = YES_ERROR;
				GCC_WARN_UNDECLARED_SELECTOR = YES;
				GCC_WARN_UNINITIALIZED_AUTOS = YES_AGGRESSIVE;
				GCC_WARN_UNUSED_FUNCTION = YES;
				GCC_WARN_UNUSED_VARIABLE = YES;
				HEADER_SEARCH_PATHS = "/opt/local/include/openmpi-mp/";
				LIBRARY_SEARCH_PATHS = (
					/Users/carlossoto/Libraries/tbb2017_20161128oss/build/macos_intel64_clang_cc8.0.0_os10.11.6_release,
					"/opt/local/lib/openmpi-mp/",
				);
				MACOSX_DEPLOYMENT_TARGET = 10.11;
				MTL_ENABLE_DEBUG_INFO = NO;
				ONLY_ACTIVE_ARCH = YES;
				OTHER_LDFLAGS = (
					"-lmpi",
					"-lm",
				);
				SDKROOT = macosx;
				USER_HEADER_SEARCH_PATHS = "/opt/local/include/openmpi-mp/";
			};
			name = Release;
		};
		2112822F1D63988E0038DBEE /* Debug */ = {
			isa = XCBuildConfiguration;
			buildSettings = {
				FRAMEWORK_SEARCH_PATHS = "";
				GCC_VERSION = "";
				HEADER_SEARCH_PATHS = (
					"/opt/local/include/openmpi-mp",
					/opt/intel/compilers_and_libraries_2017.1.126/mac/tbb/include,
				);
				LIBRARY_SEARCH_PATHS = (
					"/opt/local/lib/openmpi-mp",
					/opt/intel/compilers_and_libraries_2017.1.126/mac/tbb/lib,
				);
				PRODUCT_NAME = "$(TARGET_NAME)";
			};
			name = Debug;
		};
		211282301D63988E0038DBEE /* Release */ = {
			isa = XCBuildConfiguration;
			buildSettings = {
				FRAMEWORK_SEARCH_PATHS = "";
				GCC_VERSION = "";
				HEADER_SEARCH_PATHS = (
					"/opt/local/include/openmpi-mp",
					/opt/intel/compilers_and_libraries_2017.1.126/mac/tbb/include,
				);
				LIBRARY_SEARCH_PATHS = (
					"/opt/local/lib/openmpi-mp",
					/opt/intel/compilers_and_libraries_2017.1.126/mac/tbb/lib,
				);
				PRODUCT_NAME = "$(TARGET_NAME)";
			};
			name = Release;
		};
/* End XCBuildConfiguration section */

/* Begin XCConfigurationList section */
		211282221D63988D0038DBEE /* Build configuration list for PBXProject "ParallelBaB" */ = {
			isa = XCConfigurationList;
			buildConfigurations = (
				2112822C1D63988E0038DBEE /* Debug */,
				2112822D1D63988E0038DBEE /* Release */,
			);
			defaultConfigurationIsVisible = 0;
			defaultConfigurationName = Release;
		};
		2112822E1D63988E0038DBEE /* Build configuration list for PBXNativeTarget "ParallelBaB" */ = {
			isa = XCConfigurationList;
			buildConfigurations = (
				2112822F1D63988E0038DBEE /* Debug */,
				211282301D63988E0038DBEE /* Release */,
			);
			defaultConfigurationIsVisible = 0;
			defaultConfigurationName = Release;
		};
/* End XCConfigurationList section */
	};
	rootObject = 2112821F1D63988D0038DBEE /* Project object */;
}
